// !$*UTF8*$!
{
	archiveVersion = 1;
	classes = {
	};
	objectVersion = 55;
	objects = {

/* Begin PBXBuildFile section */
		7694F8FE2902A75600F71B8F /* APIRequestHandler.swift in Sources */ = {isa = PBXBuildFile; fileRef = 7694F8F12902A75600F71B8F /* APIRequestHandler.swift */; };
		7694F8FF2902A75600F71B8F /* CodableInit.swift in Sources */ = {isa = PBXBuildFile; fileRef = 7694F8F32902A75600F71B8F /* CodableInit.swift */; };
		7694F9002902A75600F71B8F /* ResponseHandler.swift in Sources */ = {isa = PBXBuildFile; fileRef = 7694F8F42902A75600F71B8F /* ResponseHandler.swift */; };
		7694F9012902A75600F71B8F /* APIError.swift in Sources */ = {isa = PBXBuildFile; fileRef = 7694F8F52902A75600F71B8F /* APIError.swift */; };
		7694F9022902A75600F71B8F /* URLRequestBuilder.swift in Sources */ = {isa = PBXBuildFile; fileRef = 7694F8F72902A75600F71B8F /* URLRequestBuilder.swift */; };
		7694F9032902A75600F71B8F /* UploadData.swift in Sources */ = {isa = PBXBuildFile; fileRef = 7694F8F82902A75600F71B8F /* UploadData.swift */; };
		7694F9042902A75600F71B8F /* HTTPMethod.swift in Sources */ = {isa = PBXBuildFile; fileRef = 7694F8F92902A75600F71B8F /* HTTPMethod.swift */; };
		7694F9052902A75600F71B8F /* UserRequest.swift in Sources */ = {isa = PBXBuildFile; fileRef = 7694F8FA2902A75600F71B8F /* UserRequest.swift */; };
		7694F9062902A75600F71B8F /* Extenion+URLSession+Data.swift in Sources */ = {isa = PBXBuildFile; fileRef = 7694F8FC2902A75600F71B8F /* Extenion+URLSession+Data.swift */; };
		7694F9232902B4CF00F71B8F /* UIView.swift in Sources */ = {isa = PBXBuildFile; fileRef = 7694F9222902B4CF00F71B8F /* UIView.swift */; };
		7694F9262902B5B900F71B8F /* Stack.swift in Sources */ = {isa = PBXBuildFile; fileRef = 7694F9252902B5B900F71B8F /* Stack.swift */; };
		7694F9282902B62C00F71B8F /* DesignSystem.swift in Sources */ = {isa = PBXBuildFile; fileRef = 7694F9272902B62C00F71B8F /* DesignSystem.swift */; };
		7694F92C2902B98D00F71B8F /* UIViewController.swift in Sources */ = {isa = PBXBuildFile; fileRef = 7694F92B2902B98D00F71B8F /* UIViewController.swift */; };
		7694F92E2902BCE500F71B8F /* MainNavigation.swift in Sources */ = {isa = PBXBuildFile; fileRef = 7694F92D2902BCE500F71B8F /* MainNavigation.swift */; };
		7694F9302902BFE800F71B8F /* UILabel.swift in Sources */ = {isa = PBXBuildFile; fileRef = 7694F92F2902BFE800F71B8F /* UILabel.swift */; };
		7694F9342902DE7400F71B8F /* UICollectionView.swift in Sources */ = {isa = PBXBuildFile; fileRef = 7694F9332902DE7400F71B8F /* UICollectionView.swift */; };
		7694F9372902DEE900F71B8F /* ProductsCell.swift in Sources */ = {isa = PBXBuildFile; fileRef = 7694F9362902DEE900F71B8F /* ProductsCell.swift */; };
		7694F9392902DF4E00F71B8F /* UIImageView.swift in Sources */ = {isa = PBXBuildFile; fileRef = 7694F9382902DF4E00F71B8F /* UIImageView.swift */; };
		7694F93B2902E0B600F71B8F /* GlobalObjects.swift in Sources */ = {isa = PBXBuildFile; fileRef = 7694F93A2902E0B600F71B8F /* GlobalObjects.swift */; };
		7694F93D2902E45900F71B8F /* ScrollView.swift in Sources */ = {isa = PBXBuildFile; fileRef = 7694F93C2902E45900F71B8F /* ScrollView.swift */; };
		7694F93F2902E58000F71B8F /* UIString.swift in Sources */ = {isa = PBXBuildFile; fileRef = 7694F93E2902E58000F71B8F /* UIString.swift */; };
		7694F9412902EA7D00F71B8F /* BaseViewController.swift in Sources */ = {isa = PBXBuildFile; fileRef = 7694F9402902EA7D00F71B8F /* BaseViewController.swift */; };
		7694F9432902F07500F71B8F /* ProductsViewModel.swift in Sources */ = {isa = PBXBuildFile; fileRef = 7694F9422902F07500F71B8F /* ProductsViewModel.swift */; };
		7694F947290305DF00F71B8F /* CartListVC.swift in Sources */ = {isa = PBXBuildFile; fileRef = 7694F946290305DF00F71B8F /* CartListVC.swift */; };
		7694F94A29030A6F00F71B8F /* CartCell.swift in Sources */ = {isa = PBXBuildFile; fileRef = 7694F94929030A6F00F71B8F /* CartCell.swift */; };
		7694F94C29030B3700F71B8F /* UITableView.swift in Sources */ = {isa = PBXBuildFile; fileRef = 7694F94B29030B3700F71B8F /* UITableView.swift */; };
		7694F94E290319DA00F71B8F /* BottomViewWithBtn.swift in Sources */ = {isa = PBXBuildFile; fileRef = 7694F94D290319DA00F71B8F /* BottomViewWithBtn.swift */; };
		7694F951290322EA00F71B8F /* CartViewModel.swift in Sources */ = {isa = PBXBuildFile; fileRef = 7694F950290322EA00F71B8F /* CartViewModel.swift */; };
		7694F9532903283900F71B8F /* UIDouble.swift in Sources */ = {isa = PBXBuildFile; fileRef = 7694F9522903283900F71B8F /* UIDouble.swift */; };
		7694F95629032E0600F71B8F /* CoreDataStack.swift in Sources */ = {isa = PBXBuildFile; fileRef = 7694F95529032E0600F71B8F /* CoreDataStack.swift */; };
		7694F96029033A0500F71B8F /* EmptyMessageView.swift in Sources */ = {isa = PBXBuildFile; fileRef = 7694F95F29033A0500F71B8F /* EmptyMessageView.swift */; };
		7694F9622903535000F71B8F /* ProductsVMProtocol.swift in Sources */ = {isa = PBXBuildFile; fileRef = 7694F9612903535000F71B8F /* ProductsVMProtocol.swift */; };
		8EB5CCB927988A0700396097 /* AppDelegate.swift in Sources */ = {isa = PBXBuildFile; fileRef = 8EB5CCB827988A0700396097 /* AppDelegate.swift */; };
		8EB5CCBB27988A0700396097 /* SceneDelegate.swift in Sources */ = {isa = PBXBuildFile; fileRef = 8EB5CCBA27988A0700396097 /* SceneDelegate.swift */; };
		8EB5CCC027988A0700396097 /* Main.storyboard in Resources */ = {isa = PBXBuildFile; fileRef = 8EB5CCBE27988A0700396097 /* Main.storyboard */; };
		8EB5CCC327988A0700396097 /* AssessmentApp.xcdatamodeld in Sources */ = {isa = PBXBuildFile; fileRef = 8EB5CCC127988A0700396097 /* AssessmentApp.xcdatamodeld */; };
		8EB5CCC527988A0900396097 /* Assets.xcassets in Resources */ = {isa = PBXBuildFile; fileRef = 8EB5CCC427988A0900396097 /* Assets.xcassets */; };
		8EB5CCC827988A0900396097 /* LaunchScreen.storyboard in Resources */ = {isa = PBXBuildFile; fileRef = 8EB5CCC627988A0900396097 /* LaunchScreen.storyboard */; };
		8EB5CCD327988A0900396097 /* AssessmentAppTests.swift in Sources */ = {isa = PBXBuildFile; fileRef = 8EB5CCD227988A0900396097 /* AssessmentAppTests.swift */; };
		8EB5CCDD27988A0900396097 /* AssessmentAppUITests.swift in Sources */ = {isa = PBXBuildFile; fileRef = 8EB5CCDC27988A0900396097 /* AssessmentAppUITests.swift */; };
		8EB5CCDF27988A0900396097 /* AssessmentAppUITestsLaunchTests.swift in Sources */ = {isa = PBXBuildFile; fileRef = 8EB5CCDE27988A0900396097 /* AssessmentAppUITestsLaunchTests.swift */; };
		8EB5CCED27988A6000396097 /* NetworkServiceMock.swift in Sources */ = {isa = PBXBuildFile; fileRef = 8EB5CCEC27988A6000396097 /* NetworkServiceMock.swift */; };
		8EB5CCF127988A8100396097 /* ShoppingBasket.swift in Sources */ = {isa = PBXBuildFile; fileRef = 8EB5CCEF27988A8100396097 /* ShoppingBasket.swift */; };
		8EB5CCF227988A8100396097 /* Product.swift in Sources */ = {isa = PBXBuildFile; fileRef = 8EB5CCF027988A8100396097 /* Product.swift */; };
		8EB5CCF427988AE100396097 /* DemoData.swift in Sources */ = {isa = PBXBuildFile; fileRef = 8EB5CCF327988AE100396097 /* DemoData.swift */; };
		8EB5CCF727988DB000396097 /* ProductsVC.swift in Sources */ = {isa = PBXBuildFile; fileRef = 8EB5CCF627988DB000396097 /* ProductsVC.swift */; };
		8EB5CCFB27988DF400396097 /* DetailController.swift in Sources */ = {isa = PBXBuildFile; fileRef = 8EB5CCFA27988DF400396097 /* DetailController.swift */; };
		8F16B72D2BA58CBD8C04BE53 /* Pods_AssessmentApp.framework in Frameworks */ = {isa = PBXBuildFile; fileRef = 8AE3657F844E3EC37AEA3C8E /* Pods_AssessmentApp.framework */; };
		B53FAE4E3AAD5A87EBDA7AEA /* Pods_AssessmentApp_AssessmentAppUITests.framework in Frameworks */ = {isa = PBXBuildFile; fileRef = E2BE97796624AA1526F91610 /* Pods_AssessmentApp_AssessmentAppUITests.framework */; };
		DD4EC5503B0113E68A70697B /* Pods_AssessmentAppTests.framework in Frameworks */ = {isa = PBXBuildFile; fileRef = C609D87B726443FEA62C288B /* Pods_AssessmentAppTests.framework */; };
/* End PBXBuildFile section */

/* Begin PBXContainerItemProxy section */
		8EB5CCCF27988A0900396097 /* PBXContainerItemProxy */ = {
			isa = PBXContainerItemProxy;
			containerPortal = 8EB5CCAD27988A0700396097 /* Project object */;
			proxyType = 1;
			remoteGlobalIDString = 8EB5CCB427988A0700396097;
			remoteInfo = AssessmentApp;
		};
		8EB5CCD927988A0900396097 /* PBXContainerItemProxy */ = {
			isa = PBXContainerItemProxy;
			containerPortal = 8EB5CCAD27988A0700396097 /* Project object */;
			proxyType = 1;
			remoteGlobalIDString = 8EB5CCB427988A0700396097;
			remoteInfo = AssessmentApp;
		};
/* End PBXContainerItemProxy section */

/* Begin PBXFileReference section */
		31CB6C5EF0118F553540D01F /* Pods-AssessmentApp-AssessmentAppUITests.debug.xcconfig */ = {isa = PBXFileReference; includeInIndex = 1; lastKnownFileType = text.xcconfig; name = "Pods-AssessmentApp-AssessmentAppUITests.debug.xcconfig"; path = "Target Support Files/Pods-AssessmentApp-AssessmentAppUITests/Pods-AssessmentApp-AssessmentAppUITests.debug.xcconfig"; sourceTree = "<group>"; };
		5894B9700578734201F3256A /* Pods-AssessmentApp.debug.xcconfig */ = {isa = PBXFileReference; includeInIndex = 1; lastKnownFileType = text.xcconfig; name = "Pods-AssessmentApp.debug.xcconfig"; path = "Target Support Files/Pods-AssessmentApp/Pods-AssessmentApp.debug.xcconfig"; sourceTree = "<group>"; };
		7694F8F12902A75600F71B8F /* APIRequestHandler.swift */ = {isa = PBXFileReference; fileEncoding = 4; lastKnownFileType = sourcecode.swift; path = APIRequestHandler.swift; sourceTree = "<group>"; };
		7694F8F32902A75600F71B8F /* CodableInit.swift */ = {isa = PBXFileReference; fileEncoding = 4; lastKnownFileType = sourcecode.swift; path = CodableInit.swift; sourceTree = "<group>"; };
		7694F8F42902A75600F71B8F /* ResponseHandler.swift */ = {isa = PBXFileReference; fileEncoding = 4; lastKnownFileType = sourcecode.swift; path = ResponseHandler.swift; sourceTree = "<group>"; };
		7694F8F52902A75600F71B8F /* APIError.swift */ = {isa = PBXFileReference; fileEncoding = 4; lastKnownFileType = sourcecode.swift; path = APIError.swift; sourceTree = "<group>"; };
		7694F8F72902A75600F71B8F /* URLRequestBuilder.swift */ = {isa = PBXFileReference; fileEncoding = 4; lastKnownFileType = sourcecode.swift; path = URLRequestBuilder.swift; sourceTree = "<group>"; };
		7694F8F82902A75600F71B8F /* UploadData.swift */ = {isa = PBXFileReference; fileEncoding = 4; lastKnownFileType = sourcecode.swift; path = UploadData.swift; sourceTree = "<group>"; };
		7694F8F92902A75600F71B8F /* HTTPMethod.swift */ = {isa = PBXFileReference; fileEncoding = 4; lastKnownFileType = sourcecode.swift; path = HTTPMethod.swift; sourceTree = "<group>"; };
		7694F8FA2902A75600F71B8F /* UserRequest.swift */ = {isa = PBXFileReference; fileEncoding = 4; lastKnownFileType = sourcecode.swift; path = UserRequest.swift; sourceTree = "<group>"; };
		7694F8FC2902A75600F71B8F /* Extenion+URLSession+Data.swift */ = {isa = PBXFileReference; fileEncoding = 4; lastKnownFileType = sourcecode.swift; path = "Extenion+URLSession+Data.swift"; sourceTree = "<group>"; };
		7694F9222902B4CF00F71B8F /* UIView.swift */ = {isa = PBXFileReference; lastKnownFileType = sourcecode.swift; path = UIView.swift; sourceTree = "<group>"; };
		7694F9252902B5B900F71B8F /* Stack.swift */ = {isa = PBXFileReference; lastKnownFileType = sourcecode.swift; path = Stack.swift; sourceTree = "<group>"; };
		7694F9272902B62C00F71B8F /* DesignSystem.swift */ = {isa = PBXFileReference; lastKnownFileType = sourcecode.swift; path = DesignSystem.swift; sourceTree = "<group>"; };
		7694F92B2902B98D00F71B8F /* UIViewController.swift */ = {isa = PBXFileReference; lastKnownFileType = sourcecode.swift; path = UIViewController.swift; sourceTree = "<group>"; };
		7694F92D2902BCE500F71B8F /* MainNavigation.swift */ = {isa = PBXFileReference; lastKnownFileType = sourcecode.swift; path = MainNavigation.swift; sourceTree = "<group>"; };
		7694F92F2902BFE800F71B8F /* UILabel.swift */ = {isa = PBXFileReference; lastKnownFileType = sourcecode.swift; path = UILabel.swift; sourceTree = "<group>"; };
		7694F9332902DE7400F71B8F /* UICollectionView.swift */ = {isa = PBXFileReference; lastKnownFileType = sourcecode.swift; path = UICollectionView.swift; sourceTree = "<group>"; };
		7694F9362902DEE900F71B8F /* ProductsCell.swift */ = {isa = PBXFileReference; lastKnownFileType = sourcecode.swift; path = ProductsCell.swift; sourceTree = "<group>"; };
		7694F9382902DF4E00F71B8F /* UIImageView.swift */ = {isa = PBXFileReference; lastKnownFileType = sourcecode.swift; path = UIImageView.swift; sourceTree = "<group>"; };
		7694F93A2902E0B600F71B8F /* GlobalObjects.swift */ = {isa = PBXFileReference; lastKnownFileType = sourcecode.swift; path = GlobalObjects.swift; sourceTree = "<group>"; };
		7694F93C2902E45900F71B8F /* ScrollView.swift */ = {isa = PBXFileReference; lastKnownFileType = sourcecode.swift; path = ScrollView.swift; sourceTree = "<group>"; };
		7694F93E2902E58000F71B8F /* UIString.swift */ = {isa = PBXFileReference; lastKnownFileType = sourcecode.swift; path = UIString.swift; sourceTree = "<group>"; };
		7694F9402902EA7D00F71B8F /* BaseViewController.swift */ = {isa = PBXFileReference; lastKnownFileType = sourcecode.swift; path = BaseViewController.swift; sourceTree = "<group>"; };
		7694F9422902F07500F71B8F /* ProductsViewModel.swift */ = {isa = PBXFileReference; lastKnownFileType = sourcecode.swift; path = ProductsViewModel.swift; sourceTree = "<group>"; };
		7694F946290305DF00F71B8F /* CartListVC.swift */ = {isa = PBXFileReference; lastKnownFileType = sourcecode.swift; path = CartListVC.swift; sourceTree = "<group>"; };
		7694F94929030A6F00F71B8F /* CartCell.swift */ = {isa = PBXFileReference; lastKnownFileType = sourcecode.swift; path = CartCell.swift; sourceTree = "<group>"; };
		7694F94B29030B3700F71B8F /* UITableView.swift */ = {isa = PBXFileReference; lastKnownFileType = sourcecode.swift; path = UITableView.swift; sourceTree = "<group>"; };
		7694F94D290319DA00F71B8F /* BottomViewWithBtn.swift */ = {isa = PBXFileReference; lastKnownFileType = sourcecode.swift; path = BottomViewWithBtn.swift; sourceTree = "<group>"; };
		7694F950290322EA00F71B8F /* CartViewModel.swift */ = {isa = PBXFileReference; lastKnownFileType = sourcecode.swift; path = CartViewModel.swift; sourceTree = "<group>"; };
		7694F9522903283900F71B8F /* UIDouble.swift */ = {isa = PBXFileReference; lastKnownFileType = sourcecode.swift; path = UIDouble.swift; sourceTree = "<group>"; };
		7694F95529032E0600F71B8F /* CoreDataStack.swift */ = {isa = PBXFileReference; lastKnownFileType = sourcecode.swift; path = CoreDataStack.swift; sourceTree = "<group>"; };
		7694F95F29033A0500F71B8F /* EmptyMessageView.swift */ = {isa = PBXFileReference; lastKnownFileType = sourcecode.swift; path = EmptyMessageView.swift; sourceTree = "<group>"; };
		7694F9612903535000F71B8F /* ProductsVMProtocol.swift */ = {isa = PBXFileReference; lastKnownFileType = sourcecode.swift; path = ProductsVMProtocol.swift; sourceTree = "<group>"; };
		8AE3657F844E3EC37AEA3C8E /* Pods_AssessmentApp.framework */ = {isa = PBXFileReference; explicitFileType = wrapper.framework; includeInIndex = 0; path = Pods_AssessmentApp.framework; sourceTree = BUILT_PRODUCTS_DIR; };
		8E05A930BF017CA320B69941 /* Pods-AssessmentApp.release.xcconfig */ = {isa = PBXFileReference; includeInIndex = 1; lastKnownFileType = text.xcconfig; name = "Pods-AssessmentApp.release.xcconfig"; path = "Target Support Files/Pods-AssessmentApp/Pods-AssessmentApp.release.xcconfig"; sourceTree = "<group>"; };
		8EB5CCB527988A0700396097 /* AssessmentApp.app */ = {isa = PBXFileReference; explicitFileType = wrapper.application; includeInIndex = 0; path = AssessmentApp.app; sourceTree = BUILT_PRODUCTS_DIR; };
		8EB5CCB827988A0700396097 /* AppDelegate.swift */ = {isa = PBXFileReference; lastKnownFileType = sourcecode.swift; path = AppDelegate.swift; sourceTree = "<group>"; };
		8EB5CCBA27988A0700396097 /* SceneDelegate.swift */ = {isa = PBXFileReference; lastKnownFileType = sourcecode.swift; path = SceneDelegate.swift; sourceTree = "<group>"; };
		8EB5CCBF27988A0700396097 /* Base */ = {isa = PBXFileReference; lastKnownFileType = file.storyboard; name = Base; path = Base.lproj/Main.storyboard; sourceTree = "<group>"; };
		8EB5CCC227988A0700396097 /* AssessmentApp.xcdatamodel */ = {isa = PBXFileReference; lastKnownFileType = wrapper.xcdatamodel; path = AssessmentApp.xcdatamodel; sourceTree = "<group>"; };
		8EB5CCC427988A0900396097 /* Assets.xcassets */ = {isa = PBXFileReference; lastKnownFileType = folder.assetcatalog; path = Assets.xcassets; sourceTree = "<group>"; };
		8EB5CCC727988A0900396097 /* Base */ = {isa = PBXFileReference; lastKnownFileType = file.storyboard; name = Base; path = Base.lproj/LaunchScreen.storyboard; sourceTree = "<group>"; };
		8EB5CCC927988A0900396097 /* Info.plist */ = {isa = PBXFileReference; lastKnownFileType = text.plist.xml; path = Info.plist; sourceTree = "<group>"; };
		8EB5CCCE27988A0900396097 /* AssessmentAppTests.xctest */ = {isa = PBXFileReference; explicitFileType = wrapper.cfbundle; includeInIndex = 0; path = AssessmentAppTests.xctest; sourceTree = BUILT_PRODUCTS_DIR; };
		8EB5CCD227988A0900396097 /* AssessmentAppTests.swift */ = {isa = PBXFileReference; lastKnownFileType = sourcecode.swift; path = AssessmentAppTests.swift; sourceTree = "<group>"; };
		8EB5CCD827988A0900396097 /* AssessmentAppUITests.xctest */ = {isa = PBXFileReference; explicitFileType = wrapper.cfbundle; includeInIndex = 0; path = AssessmentAppUITests.xctest; sourceTree = BUILT_PRODUCTS_DIR; };
		8EB5CCDC27988A0900396097 /* AssessmentAppUITests.swift */ = {isa = PBXFileReference; lastKnownFileType = sourcecode.swift; path = AssessmentAppUITests.swift; sourceTree = "<group>"; };
		8EB5CCDE27988A0900396097 /* AssessmentAppUITestsLaunchTests.swift */ = {isa = PBXFileReference; lastKnownFileType = sourcecode.swift; path = AssessmentAppUITestsLaunchTests.swift; sourceTree = "<group>"; };
		8EB5CCEC27988A6000396097 /* NetworkServiceMock.swift */ = {isa = PBXFileReference; lastKnownFileType = sourcecode.swift; path = NetworkServiceMock.swift; sourceTree = "<group>"; };
		8EB5CCEF27988A8100396097 /* ShoppingBasket.swift */ = {isa = PBXFileReference; fileEncoding = 4; lastKnownFileType = sourcecode.swift; path = ShoppingBasket.swift; sourceTree = "<group>"; };
		8EB5CCF027988A8100396097 /* Product.swift */ = {isa = PBXFileReference; fileEncoding = 4; lastKnownFileType = sourcecode.swift; path = Product.swift; sourceTree = "<group>"; };
		8EB5CCF327988AE100396097 /* DemoData.swift */ = {isa = PBXFileReference; lastKnownFileType = sourcecode.swift; path = DemoData.swift; sourceTree = "<group>"; };
		8EB5CCF627988DB000396097 /* ProductsVC.swift */ = {isa = PBXFileReference; lastKnownFileType = sourcecode.swift; path = ProductsVC.swift; sourceTree = "<group>"; };
		8EB5CCFA27988DF400396097 /* DetailController.swift */ = {isa = PBXFileReference; lastKnownFileType = sourcecode.swift; path = DetailController.swift; sourceTree = "<group>"; };
		A820DE1EF26FDCF488A1C552 /* Pods-AssessmentAppTests.release.xcconfig */ = {isa = PBXFileReference; includeInIndex = 1; lastKnownFileType = text.xcconfig; name = "Pods-AssessmentAppTests.release.xcconfig"; path = "Target Support Files/Pods-AssessmentAppTests/Pods-AssessmentAppTests.release.xcconfig"; sourceTree = "<group>"; };
		ACC5ACF464883C2F8B422346 /* Pods-AssessmentAppTests.debug.xcconfig */ = {isa = PBXFileReference; includeInIndex = 1; lastKnownFileType = text.xcconfig; name = "Pods-AssessmentAppTests.debug.xcconfig"; path = "Target Support Files/Pods-AssessmentAppTests/Pods-AssessmentAppTests.debug.xcconfig"; sourceTree = "<group>"; };
		C609D87B726443FEA62C288B /* Pods_AssessmentAppTests.framework */ = {isa = PBXFileReference; explicitFileType = wrapper.framework; includeInIndex = 0; path = Pods_AssessmentAppTests.framework; sourceTree = BUILT_PRODUCTS_DIR; };
		DE0FFCB4D9AFAA99862A1A11 /* Pods-AssessmentApp-AssessmentAppUITests.release.xcconfig */ = {isa = PBXFileReference; includeInIndex = 1; lastKnownFileType = text.xcconfig; name = "Pods-AssessmentApp-AssessmentAppUITests.release.xcconfig"; path = "Target Support Files/Pods-AssessmentApp-AssessmentAppUITests/Pods-AssessmentApp-AssessmentAppUITests.release.xcconfig"; sourceTree = "<group>"; };
		E2BE97796624AA1526F91610 /* Pods_AssessmentApp_AssessmentAppUITests.framework */ = {isa = PBXFileReference; explicitFileType = wrapper.framework; includeInIndex = 0; path = Pods_AssessmentApp_AssessmentAppUITests.framework; sourceTree = BUILT_PRODUCTS_DIR; };
/* End PBXFileReference section */

/* Begin PBXFrameworksBuildPhase section */
		8EB5CCB227988A0700396097 /* Frameworks */ = {
			isa = PBXFrameworksBuildPhase;
			buildActionMask = 2147483647;
			files = (
				8F16B72D2BA58CBD8C04BE53 /* Pods_AssessmentApp.framework in Frameworks */,
			);
			runOnlyForDeploymentPostprocessing = 0;
		};
		8EB5CCCB27988A0900396097 /* Frameworks */ = {
			isa = PBXFrameworksBuildPhase;
			buildActionMask = 2147483647;
			files = (
				DD4EC5503B0113E68A70697B /* Pods_AssessmentAppTests.framework in Frameworks */,
			);
			runOnlyForDeploymentPostprocessing = 0;
		};
		8EB5CCD527988A0900396097 /* Frameworks */ = {
			isa = PBXFrameworksBuildPhase;
			buildActionMask = 2147483647;
			files = (
				B53FAE4E3AAD5A87EBDA7AEA /* Pods_AssessmentApp_AssessmentAppUITests.framework in Frameworks */,
			);
			runOnlyForDeploymentPostprocessing = 0;
		};
/* End PBXFrameworksBuildPhase section */

/* Begin PBXGroup section */
		292B1DF94272302241F79938 /* Pods */ = {
			isa = PBXGroup;
			children = (
				5894B9700578734201F3256A /* Pods-AssessmentApp.debug.xcconfig */,
				8E05A930BF017CA320B69941 /* Pods-AssessmentApp.release.xcconfig */,
				31CB6C5EF0118F553540D01F /* Pods-AssessmentApp-AssessmentAppUITests.debug.xcconfig */,
				DE0FFCB4D9AFAA99862A1A11 /* Pods-AssessmentApp-AssessmentAppUITests.release.xcconfig */,
				ACC5ACF464883C2F8B422346 /* Pods-AssessmentAppTests.debug.xcconfig */,
				A820DE1EF26FDCF488A1C552 /* Pods-AssessmentAppTests.release.xcconfig */,
			);
			path = Pods;
			sourceTree = "<group>";
		};
		63DC286F5CE25CF47A9B7822 /* Frameworks */ = {
			isa = PBXGroup;
			children = (
				8AE3657F844E3EC37AEA3C8E /* Pods_AssessmentApp.framework */,
				E2BE97796624AA1526F91610 /* Pods_AssessmentApp_AssessmentAppUITests.framework */,
				C609D87B726443FEA62C288B /* Pods_AssessmentAppTests.framework */,
			);
			name = Frameworks;
			sourceTree = "<group>";
		};
		7694F8E82902A3BF00F71B8F /* Managements */ = {
			isa = PBXGroup;
			children = (
				7694F9242902B59E00F71B8F /* Components */,
				7694F9212902B4B300F71B8F /* Extenions */,
				8EB5CCEB27988A5900396097 /* DemoData */,
				7694F8EF2902A75600F71B8F /* Networking */,
				7694F93A2902E0B600F71B8F /* GlobalObjects.swift */,
			);
			path = Managements;
			sourceTree = "<group>";
		};
		7694F8EA2902A44100F71B8F /* Resources */ = {
			isa = PBXGroup;
			children = (
				7694F95429032DF600F71B8F /* CoreData */,
				7694F9272902B62C00F71B8F /* DesignSystem.swift */,
				8EB5CCC427988A0900396097 /* Assets.xcassets */,
				8EB5CCC927988A0900396097 /* Info.plist */,
				8EB5CCC127988A0700396097 /* AssessmentApp.xcdatamodeld */,
			);
			path = Resources;
			sourceTree = "<group>";
		};
		7694F8EB2902A64A00F71B8F /* Scenes */ = {
			isa = PBXGroup;
			children = (
				7694F92D2902BCE500F71B8F /* MainNavigation.swift */,
				7694F9442903048E00F71B8F /* Cart */,
				8EB5CCF527988D9C00396097 /* Products */,
				8EB5CCF927988DEA00396097 /* DetailController */,
			);
			path = Scenes;
			sourceTree = "<group>";
		};
		7694F8EC2902A66100F71B8F /* Storyboard */ = {
			isa = PBXGroup;
			children = (
				8EB5CCBE27988A0700396097 /* Main.storyboard */,
				8EB5CCC627988A0900396097 /* LaunchScreen.storyboard */,
			);
			path = Storyboard;
			sourceTree = "<group>";
		};
		7694F8EF2902A75600F71B8F /* Networking */ = {
			isa = PBXGroup;
			children = (
				7694F8F02902A75600F71B8F /* RequestHandlers */,
				7694F8F22902A75600F71B8F /* Response */,
				7694F8F62902A75600F71B8F /* Requests */,
				7694F8FB2902A75600F71B8F /* Extenions */,
			);
			path = Networking;
			sourceTree = "<group>";
		};
		7694F8F02902A75600F71B8F /* RequestHandlers */ = {
			isa = PBXGroup;
			children = (
				7694F8F12902A75600F71B8F /* APIRequestHandler.swift */,
			);
			path = RequestHandlers;
			sourceTree = "<group>";
		};
		7694F8F22902A75600F71B8F /* Response */ = {
			isa = PBXGroup;
			children = (
				7694F8F32902A75600F71B8F /* CodableInit.swift */,
				7694F8F42902A75600F71B8F /* ResponseHandler.swift */,
				7694F8F52902A75600F71B8F /* APIError.swift */,
			);
			path = Response;
			sourceTree = "<group>";
		};
		7694F8F62902A75600F71B8F /* Requests */ = {
			isa = PBXGroup;
			children = (
				7694F8F72902A75600F71B8F /* URLRequestBuilder.swift */,
				7694F8F82902A75600F71B8F /* UploadData.swift */,
				7694F8F92902A75600F71B8F /* HTTPMethod.swift */,
				7694F8FA2902A75600F71B8F /* UserRequest.swift */,
			);
			path = Requests;
			sourceTree = "<group>";
		};
		7694F8FB2902A75600F71B8F /* Extenions */ = {
			isa = PBXGroup;
			children = (
				7694F8FC2902A75600F71B8F /* Extenion+URLSession+Data.swift */,
			);
			path = Extenions;
			sourceTree = "<group>";
		};
		7694F9212902B4B300F71B8F /* Extenions */ = {
			isa = PBXGroup;
			children = (
				7694F9222902B4CF00F71B8F /* UIView.swift */,
				7694F92B2902B98D00F71B8F /* UIViewController.swift */,
				7694F92F2902BFE800F71B8F /* UILabel.swift */,
				7694F9332902DE7400F71B8F /* UICollectionView.swift */,
				7694F9382902DF4E00F71B8F /* UIImageView.swift */,
				7694F93E2902E58000F71B8F /* UIString.swift */,
				7694F94B29030B3700F71B8F /* UITableView.swift */,
				7694F9522903283900F71B8F /* UIDouble.swift */,
			);
			path = Extenions;
			sourceTree = "<group>";
		};
		7694F9242902B59E00F71B8F /* Components */ = {
			isa = PBXGroup;
			children = (
				7694F9252902B5B900F71B8F /* Stack.swift */,
				7694F93C2902E45900F71B8F /* ScrollView.swift */,
				7694F9402902EA7D00F71B8F /* BaseViewController.swift */,
				7694F94D290319DA00F71B8F /* BottomViewWithBtn.swift */,
				7694F95F29033A0500F71B8F /* EmptyMessageView.swift */,
			);
			path = Components;
			sourceTree = "<group>";
		};
		7694F9312902DDB500F71B8F /* View */ = {
			isa = PBXGroup;
			children = (
				8EB5CCF627988DB000396097 /* ProductsVC.swift */,
				7694F9352902DED100F71B8F /* SubViews */,
			);
			path = View;
			sourceTree = "<group>";
		};
		7694F9322902DDBD00F71B8F /* ViewModel */ = {
			isa = PBXGroup;
			children = (
				7694F9612903535000F71B8F /* ProductsVMProtocol.swift */,
				7694F9422902F07500F71B8F /* ProductsViewModel.swift */,
			);
			path = ViewModel;
			sourceTree = "<group>";
		};
		7694F9352902DED100F71B8F /* SubViews */ = {
			isa = PBXGroup;
			children = (
				7694F9362902DEE900F71B8F /* ProductsCell.swift */,
			);
			path = SubViews;
			sourceTree = "<group>";
		};
		7694F9442903048E00F71B8F /* Cart */ = {
			isa = PBXGroup;
			children = (
				7694F94F290322CB00F71B8F /* ViewModel */,
				7694F945290305A300F71B8F /* View */,
			);
			path = Cart;
			sourceTree = "<group>";
		};
		7694F945290305A300F71B8F /* View */ = {
			isa = PBXGroup;
			children = (
				7694F946290305DF00F71B8F /* CartListVC.swift */,
				7694F94829030A5800F71B8F /* SubViews */,
			);
			path = View;
			sourceTree = "<group>";
		};
		7694F94829030A5800F71B8F /* SubViews */ = {
			isa = PBXGroup;
			children = (
				7694F94929030A6F00F71B8F /* CartCell.swift */,
			);
			path = SubViews;
			sourceTree = "<group>";
		};
		7694F94F290322CB00F71B8F /* ViewModel */ = {
			isa = PBXGroup;
			children = (
				7694F950290322EA00F71B8F /* CartViewModel.swift */,
			);
			path = ViewModel;
			sourceTree = "<group>";
		};
		7694F95429032DF600F71B8F /* CoreData */ = {
			isa = PBXGroup;
			children = (
				7694F95529032E0600F71B8F /* CoreDataStack.swift */,
			);
			path = CoreData;
			sourceTree = "<group>";
		};
		8EB5CCAC27988A0700396097 = {
			isa = PBXGroup;
			children = (
				8EB5CCB727988A0700396097 /* AssessmentApp */,
				8EB5CCD127988A0900396097 /* AssessmentAppTests */,
				8EB5CCDB27988A0900396097 /* AssessmentAppUITests */,
				8EB5CCB627988A0700396097 /* Products */,
				292B1DF94272302241F79938 /* Pods */,
				63DC286F5CE25CF47A9B7822 /* Frameworks */,
			);
			sourceTree = "<group>";
		};
		8EB5CCB627988A0700396097 /* Products */ = {
			isa = PBXGroup;
			children = (
				8EB5CCB527988A0700396097 /* AssessmentApp.app */,
				8EB5CCCE27988A0900396097 /* AssessmentAppTests.xctest */,
				8EB5CCD827988A0900396097 /* AssessmentAppUITests.xctest */,
			);
			name = Products;
			sourceTree = "<group>";
		};
		8EB5CCB727988A0700396097 /* AssessmentApp */ = {
			isa = PBXGroup;
			children = (
				8EB5CCF827988DB800396097 /* Core */,
				8EB5CCEE27988A8100396097 /* Model */,
				7694F8EB2902A64A00F71B8F /* Scenes */,
				7694F8E82902A3BF00F71B8F /* Managements */,
				7694F8EA2902A44100F71B8F /* Resources */,
				7694F8EC2902A66100F71B8F /* Storyboard */,
			);
			path = AssessmentApp;
			sourceTree = "<group>";
		};
		8EB5CCD127988A0900396097 /* AssessmentAppTests */ = {
			isa = PBXGroup;
			children = (
				8EB5CCD227988A0900396097 /* AssessmentAppTests.swift */,
			);
			path = AssessmentAppTests;
			sourceTree = "<group>";
		};
		8EB5CCDB27988A0900396097 /* AssessmentAppUITests */ = {
			isa = PBXGroup;
			children = (
				8EB5CCDC27988A0900396097 /* AssessmentAppUITests.swift */,
				8EB5CCDE27988A0900396097 /* AssessmentAppUITestsLaunchTests.swift */,
			);
			path = AssessmentAppUITests;
			sourceTree = "<group>";
		};
		8EB5CCEB27988A5900396097 /* DemoData */ = {
			isa = PBXGroup;
			children = (
				8EB5CCEC27988A6000396097 /* NetworkServiceMock.swift */,
				8EB5CCF327988AE100396097 /* DemoData.swift */,
			);
			path = DemoData;
			sourceTree = "<group>";
		};
		8EB5CCEE27988A8100396097 /* Model */ = {
			isa = PBXGroup;
			children = (
				8EB5CCEF27988A8100396097 /* ShoppingBasket.swift */,
				8EB5CCF027988A8100396097 /* Product.swift */,
			);
			path = Model;
			sourceTree = "<group>";
		};
		8EB5CCF527988D9C00396097 /* Products */ = {
			isa = PBXGroup;
			children = (
				7694F9322902DDBD00F71B8F /* ViewModel */,
				7694F9312902DDB500F71B8F /* View */,
			);
			path = Products;
			sourceTree = "<group>";
		};
		8EB5CCF827988DB800396097 /* Core */ = {
			isa = PBXGroup;
			children = (
				8EB5CCB827988A0700396097 /* AppDelegate.swift */,
				8EB5CCBA27988A0700396097 /* SceneDelegate.swift */,
			);
			path = Core;
			sourceTree = "<group>";
		};
		8EB5CCF927988DEA00396097 /* DetailController */ = {
			isa = PBXGroup;
			children = (
				8EB5CCFA27988DF400396097 /* DetailController.swift */,
			);
			path = DetailController;
			sourceTree = "<group>";
		};
/* End PBXGroup section */

/* Begin PBXNativeTarget section */
		8EB5CCB427988A0700396097 /* AssessmentApp */ = {
			isa = PBXNativeTarget;
			buildConfigurationList = 8EB5CCE227988A0900396097 /* Build configuration list for PBXNativeTarget "AssessmentApp" */;
			buildPhases = (
				50EE7B0A00A372840EDE757C /* [CP] Check Pods Manifest.lock */,
				8EB5CCB127988A0700396097 /* Sources */,
				8EB5CCB227988A0700396097 /* Frameworks */,
				8EB5CCB327988A0700396097 /* Resources */,
				65219A79F46680B18AF3390C /* [CP] Embed Pods Frameworks */,
			);
			buildRules = (
			);
			dependencies = (
			);
			name = AssessmentApp;
			productName = AssessmentApp;
			productReference = 8EB5CCB527988A0700396097 /* AssessmentApp.app */;
			productType = "com.apple.product-type.application";
		};
		8EB5CCCD27988A0900396097 /* AssessmentAppTests */ = {
			isa = PBXNativeTarget;
			buildConfigurationList = 8EB5CCE527988A0900396097 /* Build configuration list for PBXNativeTarget "AssessmentAppTests" */;
			buildPhases = (
				E09F55704E47A1384511B569 /* [CP] Check Pods Manifest.lock */,
				8EB5CCCA27988A0900396097 /* Sources */,
				8EB5CCCB27988A0900396097 /* Frameworks */,
				8EB5CCCC27988A0900396097 /* Resources */,
			);
			buildRules = (
			);
			dependencies = (
				8EB5CCD027988A0900396097 /* PBXTargetDependency */,
			);
			name = AssessmentAppTests;
			productName = AssessmentAppTests;
			productReference = 8EB5CCCE27988A0900396097 /* AssessmentAppTests.xctest */;
			productType = "com.apple.product-type.bundle.unit-test";
		};
		8EB5CCD727988A0900396097 /* AssessmentAppUITests */ = {
			isa = PBXNativeTarget;
			buildConfigurationList = 8EB5CCE827988A0900396097 /* Build configuration list for PBXNativeTarget "AssessmentAppUITests" */;
			buildPhases = (
				F7170517FC7CDD20FCFEF1DC /* [CP] Check Pods Manifest.lock */,
				8EB5CCD427988A0900396097 /* Sources */,
				8EB5CCD527988A0900396097 /* Frameworks */,
				8EB5CCD627988A0900396097 /* Resources */,
				4CE488E2570C57DAFEFB5FF7 /* [CP] Embed Pods Frameworks */,
			);
			buildRules = (
			);
			dependencies = (
				8EB5CCDA27988A0900396097 /* PBXTargetDependency */,
			);
			name = AssessmentAppUITests;
			productName = AssessmentAppUITests;
			productReference = 8EB5CCD827988A0900396097 /* AssessmentAppUITests.xctest */;
			productType = "com.apple.product-type.bundle.ui-testing";
		};
/* End PBXNativeTarget section */

/* Begin PBXProject section */
		8EB5CCAD27988A0700396097 /* Project object */ = {
			isa = PBXProject;
			attributes = {
				BuildIndependentTargetsInParallel = 1;
				LastSwiftUpdateCheck = 1310;
				LastUpgradeCheck = 1310;
				TargetAttributes = {
					8EB5CCB427988A0700396097 = {
						CreatedOnToolsVersion = 13.1;
					};
					8EB5CCCD27988A0900396097 = {
						CreatedOnToolsVersion = 13.1;
						TestTargetID = 8EB5CCB427988A0700396097;
					};
					8EB5CCD727988A0900396097 = {
						CreatedOnToolsVersion = 13.1;
						TestTargetID = 8EB5CCB427988A0700396097;
					};
				};
			};
			buildConfigurationList = 8EB5CCB027988A0700396097 /* Build configuration list for PBXProject "AssessmentApp" */;
			compatibilityVersion = "Xcode 13.0";
			developmentRegion = en;
			hasScannedForEncodings = 0;
			knownRegions = (
				en,
				Base,
			);
			mainGroup = 8EB5CCAC27988A0700396097;
			productRefGroup = 8EB5CCB627988A0700396097 /* Products */;
			projectDirPath = "";
			projectRoot = "";
			targets = (
				8EB5CCB427988A0700396097 /* AssessmentApp */,
				8EB5CCCD27988A0900396097 /* AssessmentAppTests */,
				8EB5CCD727988A0900396097 /* AssessmentAppUITests */,
			);
		};
/* End PBXProject section */

/* Begin PBXResourcesBuildPhase section */
		8EB5CCB327988A0700396097 /* Resources */ = {
			isa = PBXResourcesBuildPhase;
			buildActionMask = 2147483647;
			files = (
				8EB5CCC827988A0900396097 /* LaunchScreen.storyboard in Resources */,
				8EB5CCC527988A0900396097 /* Assets.xcassets in Resources */,
				8EB5CCC027988A0700396097 /* Main.storyboard in Resources */,
			);
			runOnlyForDeploymentPostprocessing = 0;
		};
		8EB5CCCC27988A0900396097 /* Resources */ = {
			isa = PBXResourcesBuildPhase;
			buildActionMask = 2147483647;
			files = (
			);
			runOnlyForDeploymentPostprocessing = 0;
		};
		8EB5CCD627988A0900396097 /* Resources */ = {
			isa = PBXResourcesBuildPhase;
			buildActionMask = 2147483647;
			files = (
			);
			runOnlyForDeploymentPostprocessing = 0;
		};
/* End PBXResourcesBuildPhase section */

/* Begin PBXShellScriptBuildPhase section */
		4CE488E2570C57DAFEFB5FF7 /* [CP] Embed Pods Frameworks */ = {
			isa = PBXShellScriptBuildPhase;
			buildActionMask = 2147483647;
			files = (
			);
			inputFileListPaths = (
				"${PODS_ROOT}/Target Support Files/Pods-AssessmentApp-AssessmentAppUITests/Pods-AssessmentApp-AssessmentAppUITests-frameworks-${CONFIGURATION}-input-files.xcfilelist",
			);
			name = "[CP] Embed Pods Frameworks";
			outputFileListPaths = (
				"${PODS_ROOT}/Target Support Files/Pods-AssessmentApp-AssessmentAppUITests/Pods-AssessmentApp-AssessmentAppUITests-frameworks-${CONFIGURATION}-output-files.xcfilelist",
			);
			runOnlyForDeploymentPostprocessing = 0;
			shellPath = /bin/sh;
			shellScript = "\"${PODS_ROOT}/Target Support Files/Pods-AssessmentApp-AssessmentAppUITests/Pods-AssessmentApp-AssessmentAppUITests-frameworks.sh\"\n";
			showEnvVarsInLog = 0;
		};
		50EE7B0A00A372840EDE757C /* [CP] Check Pods Manifest.lock */ = {
			isa = PBXShellScriptBuildPhase;
			buildActionMask = 2147483647;
			files = (
			);
			inputFileListPaths = (
			);
			inputPaths = (
				"${PODS_PODFILE_DIR_PATH}/Podfile.lock",
				"${PODS_ROOT}/Manifest.lock",
			);
			name = "[CP] Check Pods Manifest.lock";
			outputFileListPaths = (
			);
			outputPaths = (
				"$(DERIVED_FILE_DIR)/Pods-AssessmentApp-checkManifestLockResult.txt",
			);
			runOnlyForDeploymentPostprocessing = 0;
			shellPath = /bin/sh;
			shellScript = "diff \"${PODS_PODFILE_DIR_PATH}/Podfile.lock\" \"${PODS_ROOT}/Manifest.lock\" > /dev/null\nif [ $? != 0 ] ; then\n    # print error to STDERR\n    echo \"error: The sandbox is not in sync with the Podfile.lock. Run 'pod install' or update your CocoaPods installation.\" >&2\n    exit 1\nfi\n# This output is used by Xcode 'outputs' to avoid re-running this script phase.\necho \"SUCCESS\" > \"${SCRIPT_OUTPUT_FILE_0}\"\n";
			showEnvVarsInLog = 0;
		};
		65219A79F46680B18AF3390C /* [CP] Embed Pods Frameworks */ = {
			isa = PBXShellScriptBuildPhase;
			buildActionMask = 2147483647;
			files = (
			);
			inputFileListPaths = (
				"${PODS_ROOT}/Target Support Files/Pods-AssessmentApp/Pods-AssessmentApp-frameworks-${CONFIGURATION}-input-files.xcfilelist",
			);
			name = "[CP] Embed Pods Frameworks";
			outputFileListPaths = (
				"${PODS_ROOT}/Target Support Files/Pods-AssessmentApp/Pods-AssessmentApp-frameworks-${CONFIGURATION}-output-files.xcfilelist",
			);
			runOnlyForDeploymentPostprocessing = 0;
			shellPath = /bin/sh;
			shellScript = "\"${PODS_ROOT}/Target Support Files/Pods-AssessmentApp/Pods-AssessmentApp-frameworks.sh\"\n";
			showEnvVarsInLog = 0;
		};
		E09F55704E47A1384511B569 /* [CP] Check Pods Manifest.lock */ = {
			isa = PBXShellScriptBuildPhase;
			buildActionMask = 2147483647;
			files = (
			);
			inputFileListPaths = (
			);
			inputPaths = (
				"${PODS_PODFILE_DIR_PATH}/Podfile.lock",
				"${PODS_ROOT}/Manifest.lock",
			);
			name = "[CP] Check Pods Manifest.lock";
			outputFileListPaths = (
			);
			outputPaths = (
				"$(DERIVED_FILE_DIR)/Pods-AssessmentAppTests-checkManifestLockResult.txt",
			);
			runOnlyForDeploymentPostprocessing = 0;
			shellPath = /bin/sh;
			shellScript = "diff \"${PODS_PODFILE_DIR_PATH}/Podfile.lock\" \"${PODS_ROOT}/Manifest.lock\" > /dev/null\nif [ $? != 0 ] ; then\n    # print error to STDERR\n    echo \"error: The sandbox is not in sync with the Podfile.lock. Run 'pod install' or update your CocoaPods installation.\" >&2\n    exit 1\nfi\n# This output is used by Xcode 'outputs' to avoid re-running this script phase.\necho \"SUCCESS\" > \"${SCRIPT_OUTPUT_FILE_0}\"\n";
			showEnvVarsInLog = 0;
		};
		F7170517FC7CDD20FCFEF1DC /* [CP] Check Pods Manifest.lock */ = {
			isa = PBXShellScriptBuildPhase;
			buildActionMask = 2147483647;
			files = (
			);
			inputFileListPaths = (
			);
			inputPaths = (
				"${PODS_PODFILE_DIR_PATH}/Podfile.lock",
				"${PODS_ROOT}/Manifest.lock",
			);
			name = "[CP] Check Pods Manifest.lock";
			outputFileListPaths = (
			);
			outputPaths = (
				"$(DERIVED_FILE_DIR)/Pods-AssessmentApp-AssessmentAppUITests-checkManifestLockResult.txt",
			);
			runOnlyForDeploymentPostprocessing = 0;
			shellPath = /bin/sh;
			shellScript = "diff \"${PODS_PODFILE_DIR_PATH}/Podfile.lock\" \"${PODS_ROOT}/Manifest.lock\" > /dev/null\nif [ $? != 0 ] ; then\n    # print error to STDERR\n    echo \"error: The sandbox is not in sync with the Podfile.lock. Run 'pod install' or update your CocoaPods installation.\" >&2\n    exit 1\nfi\n# This output is used by Xcode 'outputs' to avoid re-running this script phase.\necho \"SUCCESS\" > \"${SCRIPT_OUTPUT_FILE_0}\"\n";
			showEnvVarsInLog = 0;
		};
/* End PBXShellScriptBuildPhase section */

/* Begin PBXSourcesBuildPhase section */
		8EB5CCB127988A0700396097 /* Sources */ = {
			isa = PBXSourcesBuildPhase;
			buildActionMask = 2147483647;
			files = (
				7694F9232902B4CF00F71B8F /* UIView.swift in Sources */,
				7694F951290322EA00F71B8F /* CartViewModel.swift in Sources */,
				7694F8FF2902A75600F71B8F /* CodableInit.swift in Sources */,
				7694F94E290319DA00F71B8F /* BottomViewWithBtn.swift in Sources */,
				8EB5CCF427988AE100396097 /* DemoData.swift in Sources */,
				7694F9392902DF4E00F71B8F /* UIImageView.swift in Sources */,
				7694F95629032E0600F71B8F /* CoreDataStack.swift in Sources */,
				8EB5CCED27988A6000396097 /* NetworkServiceMock.swift in Sources */,
				7694F96029033A0500F71B8F /* EmptyMessageView.swift in Sources */,
				8EB5CCF127988A8100396097 /* ShoppingBasket.swift in Sources */,
				7694F9062902A75600F71B8F /* Extenion+URLSession+Data.swift in Sources */,
				8EB5CCF727988DB000396097 /* ProductsVC.swift in Sources */,
				7694F9532903283900F71B8F /* UIDouble.swift in Sources */,
				7694F9372902DEE900F71B8F /* ProductsCell.swift in Sources */,
				7694F947290305DF00F71B8F /* CartListVC.swift in Sources */,
				7694F9002902A75600F71B8F /* ResponseHandler.swift in Sources */,
				7694F94A29030A6F00F71B8F /* CartCell.swift in Sources */,
				8EB5CCC327988A0700396097 /* AssessmentApp.xcdatamodeld in Sources */,
				7694F9622903535000F71B8F /* ProductsVMProtocol.swift in Sources */,
				7694F9022902A75600F71B8F /* URLRequestBuilder.swift in Sources */,
				7694F9412902EA7D00F71B8F /* BaseViewController.swift in Sources */,
				7694F9342902DE7400F71B8F /* UICollectionView.swift in Sources */,
				8EB5CCB927988A0700396097 /* AppDelegate.swift in Sources */,
				7694F9032902A75600F71B8F /* UploadData.swift in Sources */,
				7694F9302902BFE800F71B8F /* UILabel.swift in Sources */,
				7694F92C2902B98D00F71B8F /* UIViewController.swift in Sources */,
				7694F93F2902E58000F71B8F /* UIString.swift in Sources */,
				7694F93D2902E45900F71B8F /* ScrollView.swift in Sources */,
				8EB5CCBB27988A0700396097 /* SceneDelegate.swift in Sources */,
				8EB5CCFB27988DF400396097 /* DetailController.swift in Sources */,
				7694F9042902A75600F71B8F /* HTTPMethod.swift in Sources */,
				7694F9262902B5B900F71B8F /* Stack.swift in Sources */,
				7694F92E2902BCE500F71B8F /* MainNavigation.swift in Sources */,
				7694F94C29030B3700F71B8F /* UITableView.swift in Sources */,
				7694F9052902A75600F71B8F /* UserRequest.swift in Sources */,
				7694F93B2902E0B600F71B8F /* GlobalObjects.swift in Sources */,
				7694F9282902B62C00F71B8F /* DesignSystem.swift in Sources */,
				8EB5CCF227988A8100396097 /* Product.swift in Sources */,
				7694F8FE2902A75600F71B8F /* APIRequestHandler.swift in Sources */,
				7694F9432902F07500F71B8F /* ProductsViewModel.swift in Sources */,
				7694F9012902A75600F71B8F /* APIError.swift in Sources */,
			);
			runOnlyForDeploymentPostprocessing = 0;
		};
		8EB5CCCA27988A0900396097 /* Sources */ = {
			isa = PBXSourcesBuildPhase;
			buildActionMask = 2147483647;
			files = (
				8EB5CCD327988A0900396097 /* AssessmentAppTests.swift in Sources */,
			);
			runOnlyForDeploymentPostprocessing = 0;
		};
		8EB5CCD427988A0900396097 /* Sources */ = {
			isa = PBXSourcesBuildPhase;
			buildActionMask = 2147483647;
			files = (
				8EB5CCDF27988A0900396097 /* AssessmentAppUITestsLaunchTests.swift in Sources */,
				8EB5CCDD27988A0900396097 /* AssessmentAppUITests.swift in Sources */,
			);
			runOnlyForDeploymentPostprocessing = 0;
		};
/* End PBXSourcesBuildPhase section */

/* Begin PBXTargetDependency section */
		8EB5CCD027988A0900396097 /* PBXTargetDependency */ = {
			isa = PBXTargetDependency;
			target = 8EB5CCB427988A0700396097 /* AssessmentApp */;
			targetProxy = 8EB5CCCF27988A0900396097 /* PBXContainerItemProxy */;
		};
		8EB5CCDA27988A0900396097 /* PBXTargetDependency */ = {
			isa = PBXTargetDependency;
			target = 8EB5CCB427988A0700396097 /* AssessmentApp */;
			targetProxy = 8EB5CCD927988A0900396097 /* PBXContainerItemProxy */;
		};
/* End PBXTargetDependency section */

/* Begin PBXVariantGroup section */
		8EB5CCBE27988A0700396097 /* Main.storyboard */ = {
			isa = PBXVariantGroup;
			children = (
				8EB5CCBF27988A0700396097 /* Base */,
			);
			name = Main.storyboard;
			sourceTree = "<group>";
		};
		8EB5CCC627988A0900396097 /* LaunchScreen.storyboard */ = {
			isa = PBXVariantGroup;
			children = (
				8EB5CCC727988A0900396097 /* Base */,
			);
			name = LaunchScreen.storyboard;
			sourceTree = "<group>";
		};
/* End PBXVariantGroup section */

/* Begin XCBuildConfiguration section */
		8EB5CCE027988A0900396097 /* Debug */ = {
			isa = XCBuildConfiguration;
			buildSettings = {
				ALWAYS_SEARCH_USER_PATHS = NO;
				CLANG_ANALYZER_NONNULL = YES;
				CLANG_ANALYZER_NUMBER_OBJECT_CONVERSION = YES_AGGRESSIVE;
				CLANG_CXX_LANGUAGE_STANDARD = "gnu++17";
				CLANG_CXX_LIBRARY = "libc++";
				CLANG_ENABLE_MODULES = YES;
				CLANG_ENABLE_OBJC_ARC = YES;
				CLANG_ENABLE_OBJC_WEAK = YES;
				CLANG_WARN_BLOCK_CAPTURE_AUTORELEASING = YES;
				CLANG_WARN_BOOL_CONVERSION = YES;
				CLANG_WARN_COMMA = YES;
				CLANG_WARN_CONSTANT_CONVERSION = YES;
				CLANG_WARN_DEPRECATED_OBJC_IMPLEMENTATIONS = YES;
				CLANG_WARN_DIRECT_OBJC_ISA_USAGE = YES_ERROR;
				CLANG_WARN_DOCUMENTATION_COMMENTS = YES;
				CLANG_WARN_EMPTY_BODY = YES;
				CLANG_WARN_ENUM_CONVERSION = YES;
				CLANG_WARN_INFINITE_RECURSION = YES;
				CLANG_WARN_INT_CONVERSION = YES;
				CLANG_WARN_NON_LITERAL_NULL_CONVERSION = YES;
				CLANG_WARN_OBJC_IMPLICIT_RETAIN_SELF = YES;
				CLANG_WARN_OBJC_LITERAL_CONVERSION = YES;
				CLANG_WARN_OBJC_ROOT_CLASS = YES_ERROR;
				CLANG_WARN_QUOTED_INCLUDE_IN_FRAMEWORK_HEADER = YES;
				CLANG_WARN_RANGE_LOOP_ANALYSIS = YES;
				CLANG_WARN_STRICT_PROTOTYPES = YES;
				CLANG_WARN_SUSPICIOUS_MOVE = YES;
				CLANG_WARN_UNGUARDED_AVAILABILITY = YES_AGGRESSIVE;
				CLANG_WARN_UNREACHABLE_CODE = YES;
				CLANG_WARN__DUPLICATE_METHOD_MATCH = YES;
				COPY_PHASE_STRIP = NO;
				DEBUG_INFORMATION_FORMAT = dwarf;
				ENABLE_STRICT_OBJC_MSGSEND = YES;
				ENABLE_TESTABILITY = YES;
				GCC_C_LANGUAGE_STANDARD = gnu11;
				GCC_DYNAMIC_NO_PIC = NO;
				GCC_NO_COMMON_BLOCKS = YES;
				GCC_OPTIMIZATION_LEVEL = 0;
				GCC_PREPROCESSOR_DEFINITIONS = (
					"DEBUG=1",
					"$(inherited)",
				);
				GCC_WARN_64_TO_32_BIT_CONVERSION = YES;
				GCC_WARN_ABOUT_RETURN_TYPE = YES_ERROR;
				GCC_WARN_UNDECLARED_SELECTOR = YES;
				GCC_WARN_UNINITIALIZED_AUTOS = YES_AGGRESSIVE;
				GCC_WARN_UNUSED_FUNCTION = YES;
				GCC_WARN_UNUSED_VARIABLE = YES;
				IPHONEOS_DEPLOYMENT_TARGET = 15.0;
				MTL_ENABLE_DEBUG_INFO = INCLUDE_SOURCE;
				MTL_FAST_MATH = YES;
				ONLY_ACTIVE_ARCH = YES;
				SDKROOT = iphoneos;
				SWIFT_ACTIVE_COMPILATION_CONDITIONS = DEBUG;
				SWIFT_OPTIMIZATION_LEVEL = "-Onone";
			};
			name = Debug;
		};
		8EB5CCE127988A0900396097 /* Release */ = {
			isa = XCBuildConfiguration;
			buildSettings = {
				ALWAYS_SEARCH_USER_PATHS = NO;
				CLANG_ANALYZER_NONNULL = YES;
				CLANG_ANALYZER_NUMBER_OBJECT_CONVERSION = YES_AGGRESSIVE;
				CLANG_CXX_LANGUAGE_STANDARD = "gnu++17";
				CLANG_CXX_LIBRARY = "libc++";
				CLANG_ENABLE_MODULES = YES;
				CLANG_ENABLE_OBJC_ARC = YES;
				CLANG_ENABLE_OBJC_WEAK = YES;
				CLANG_WARN_BLOCK_CAPTURE_AUTORELEASING = YES;
				CLANG_WARN_BOOL_CONVERSION = YES;
				CLANG_WARN_COMMA = YES;
				CLANG_WARN_CONSTANT_CONVERSION = YES;
				CLANG_WARN_DEPRECATED_OBJC_IMPLEMENTATIONS = YES;
				CLANG_WARN_DIRECT_OBJC_ISA_USAGE = YES_ERROR;
				CLANG_WARN_DOCUMENTATION_COMMENTS = YES;
				CLANG_WARN_EMPTY_BODY = YES;
				CLANG_WARN_ENUM_CONVERSION = YES;
				CLANG_WARN_INFINITE_RECURSION = YES;
				CLANG_WARN_INT_CONVERSION = YES;
				CLANG_WARN_NON_LITERAL_NULL_CONVERSION = YES;
				CLANG_WARN_OBJC_IMPLICIT_RETAIN_SELF = YES;
				CLANG_WARN_OBJC_LITERAL_CONVERSION = YES;
				CLANG_WARN_OBJC_ROOT_CLASS = YES_ERROR;
				CLANG_WARN_QUOTED_INCLUDE_IN_FRAMEWORK_HEADER = YES;
				CLANG_WARN_RANGE_LOOP_ANALYSIS = YES;
				CLANG_WARN_STRICT_PROTOTYPES = YES;
				CLANG_WARN_SUSPICIOUS_MOVE = YES;
				CLANG_WARN_UNGUARDED_AVAILABILITY = YES_AGGRESSIVE;
				CLANG_WARN_UNREACHABLE_CODE = YES;
				CLANG_WARN__DUPLICATE_METHOD_MATCH = YES;
				COPY_PHASE_STRIP = NO;
				DEBUG_INFORMATION_FORMAT = "dwarf-with-dsym";
				ENABLE_NS_ASSERTIONS = NO;
				ENABLE_STRICT_OBJC_MSGSEND = YES;
				GCC_C_LANGUAGE_STANDARD = gnu11;
				GCC_NO_COMMON_BLOCKS = YES;
				GCC_WARN_64_TO_32_BIT_CONVERSION = YES;
				GCC_WARN_ABOUT_RETURN_TYPE = YES_ERROR;
				GCC_WARN_UNDECLARED_SELECTOR = YES;
				GCC_WARN_UNINITIALIZED_AUTOS = YES_AGGRESSIVE;
				GCC_WARN_UNUSED_FUNCTION = YES;
				GCC_WARN_UNUSED_VARIABLE = YES;
				IPHONEOS_DEPLOYMENT_TARGET = 15.0;
				MTL_ENABLE_DEBUG_INFO = NO;
				MTL_FAST_MATH = YES;
				SDKROOT = iphoneos;
				SWIFT_COMPILATION_MODE = wholemodule;
				SWIFT_OPTIMIZATION_LEVEL = "-O";
				VALIDATE_PRODUCT = YES;
			};
			name = Release;
		};
		8EB5CCE327988A0900396097 /* Debug */ = {
			isa = XCBuildConfiguration;
			baseConfigurationReference = 5894B9700578734201F3256A /* Pods-AssessmentApp.debug.xcconfig */;
			buildSettings = {
				ASSETCATALOG_COMPILER_APPICON_NAME = AppIcon;
				ASSETCATALOG_COMPILER_GLOBAL_ACCENT_COLOR_NAME = AccentColor;
				CODE_SIGN_STYLE = Automatic;
				CURRENT_PROJECT_VERSION = 1;
				DEVELOPMENT_TEAM = AR6F6E85MV;
				GENERATE_INFOPLIST_FILE = YES;
				INFOPLIST_FILE = AssessmentApp/Resources/Info.plist;
				INFOPLIST_KEY_UIApplicationSupportsIndirectInputEvents = YES;
				INFOPLIST_KEY_UILaunchStoryboardName = LaunchScreen;
				INFOPLIST_KEY_UIMainStoryboardFile = Main;
				INFOPLIST_KEY_UISupportedInterfaceOrientations_iPad = "UIInterfaceOrientationPortrait UIInterfaceOrientationPortraitUpsideDown UIInterfaceOrientationLandscapeLeft UIInterfaceOrientationLandscapeRight";
				INFOPLIST_KEY_UISupportedInterfaceOrientations_iPhone = "UIInterfaceOrientationPortrait UIInterfaceOrientationLandscapeLeft UIInterfaceOrientationLandscapeRight";
				LD_RUNPATH_SEARCH_PATHS = (
					"$(inherited)",
					"@executable_path/Frameworks",
				);
				MARKETING_VERSION = 1.0;
				PRODUCT_BUNDLE_IDENTIFIER = com.Abra.ios.AssessmentApp;
				PRODUCT_NAME = "$(TARGET_NAME)";
				SWIFT_EMIT_LOC_STRINGS = YES;
				SWIFT_VERSION = 5.0;
				TARGETED_DEVICE_FAMILY = "1,2";
			};
			name = Debug;
		};
		8EB5CCE427988A0900396097 /* Release */ = {
			isa = XCBuildConfiguration;
			baseConfigurationReference = 8E05A930BF017CA320B69941 /* Pods-AssessmentApp.release.xcconfig */;
			buildSettings = {
				ASSETCATALOG_COMPILER_APPICON_NAME = AppIcon;
				ASSETCATALOG_COMPILER_GLOBAL_ACCENT_COLOR_NAME = AccentColor;
				CODE_SIGN_STYLE = Automatic;
				CURRENT_PROJECT_VERSION = 1;
				DEVELOPMENT_TEAM = AR6F6E85MV;
				GENERATE_INFOPLIST_FILE = YES;
				INFOPLIST_FILE = AssessmentApp/Resources/Info.plist;
				INFOPLIST_KEY_UIApplicationSupportsIndirectInputEvents = YES;
				INFOPLIST_KEY_UILaunchStoryboardName = LaunchScreen;
				INFOPLIST_KEY_UIMainStoryboardFile = Main;
				INFOPLIST_KEY_UISupportedInterfaceOrientations_iPad = "UIInterfaceOrientationPortrait UIInterfaceOrientationPortraitUpsideDown UIInterfaceOrientationLandscapeLeft UIInterfaceOrientationLandscapeRight";
				INFOPLIST_KEY_UISupportedInterfaceOrientations_iPhone = "UIInterfaceOrientationPortrait UIInterfaceOrientationLandscapeLeft UIInterfaceOrientationLandscapeRight";
				LD_RUNPATH_SEARCH_PATHS = (
					"$(inherited)",
					"@executable_path/Frameworks",
				);
				MARKETING_VERSION = 1.0;
				PRODUCT_BUNDLE_IDENTIFIER = com.Abra.ios.AssessmentApp;
				PRODUCT_NAME = "$(TARGET_NAME)";
				SWIFT_EMIT_LOC_STRINGS = YES;
				SWIFT_VERSION = 5.0;
				TARGETED_DEVICE_FAMILY = "1,2";
			};
			name = Release;
		};
		8EB5CCE627988A0900396097 /* Debug */ = {
			isa = XCBuildConfiguration;
			baseConfigurationReference = ACC5ACF464883C2F8B422346 /* Pods-AssessmentAppTests.debug.xcconfig */;
			buildSettings = {
				ALWAYS_EMBED_SWIFT_STANDARD_LIBRARIES = YES;
				BUNDLE_LOADER = "$(TEST_HOST)";
				CODE_SIGN_STYLE = Automatic;
				CURRENT_PROJECT_VERSION = 1;
				DEVELOPMENT_TEAM = AR6F6E85MV;
				GENERATE_INFOPLIST_FILE = YES;
				IPHONEOS_DEPLOYMENT_TARGET = 15.0;
				LD_RUNPATH_SEARCH_PATHS = (
					"$(inherited)",
					"@executable_path/Frameworks",
					"@loader_path/Frameworks",
				);
				MARKETING_VERSION = 1.0;
				PRODUCT_BUNDLE_IDENTIFIER = com.Abra.ios.AssessmentAppTests;
				PRODUCT_NAME = "$(TARGET_NAME)";
				SWIFT_EMIT_LOC_STRINGS = NO;
				SWIFT_VERSION = 5.0;
				TARGETED_DEVICE_FAMILY = "1,2";
				TEST_HOST = "$(BUILT_PRODUCTS_DIR)/AssessmentApp.app/AssessmentApp";
			};
			name = Debug;
		};
		8EB5CCE727988A0900396097 /* Release */ = {
			isa = XCBuildConfiguration;
			baseConfigurationReference = A820DE1EF26FDCF488A1C552 /* Pods-AssessmentAppTests.release.xcconfig */;
			buildSettings = {
				ALWAYS_EMBED_SWIFT_STANDARD_LIBRARIES = YES;
				BUNDLE_LOADER = "$(TEST_HOST)";
				CODE_SIGN_STYLE = Automatic;
				CURRENT_PROJECT_VERSION = 1;
				DEVELOPMENT_TEAM = AR6F6E85MV;
				GENERATE_INFOPLIST_FILE = YES;
				IPHONEOS_DEPLOYMENT_TARGET = 15.0;
				LD_RUNPATH_SEARCH_PATHS = (
					"$(inherited)",
					"@executable_path/Frameworks",
					"@loader_path/Frameworks",
				);
				MARKETING_VERSION = 1.0;
				PRODUCT_BUNDLE_IDENTIFIER = com.Abra.ios.AssessmentAppTests;
				PRODUCT_NAME = "$(TARGET_NAME)";
				SWIFT_EMIT_LOC_STRINGS = NO;
				SWIFT_VERSION = 5.0;
				TARGETED_DEVICE_FAMILY = "1,2";
				TEST_HOST = "$(BUILT_PRODUCTS_DIR)/AssessmentApp.app/AssessmentApp";
			};
			name = Release;
		};
		8EB5CCE927988A0900396097 /* Debug */ = {
			isa = XCBuildConfiguration;
			baseConfigurationReference = 31CB6C5EF0118F553540D01F /* Pods-AssessmentApp-AssessmentAppUITests.debug.xcconfig */;
			buildSettings = {
				ALWAYS_EMBED_SWIFT_STANDARD_LIBRARIES = YES;
				CODE_SIGN_STYLE = Automatic;
				CURRENT_PROJECT_VERSION = 1;
				DEVELOPMENT_TEAM = AR6F6E85MV;
				GENERATE_INFOPLIST_FILE = YES;
				LD_RUNPATH_SEARCH_PATHS = (
					"$(inherited)",
					"@executable_path/Frameworks",
					"@loader_path/Frameworks",
				);
				MARKETING_VERSION = 1.0;
				PRODUCT_BUNDLE_IDENTIFIER = com.Abra.ios.AssessmentAppUITests;
				PRODUCT_NAME = "$(TARGET_NAME)";
				SWIFT_EMIT_LOC_STRINGS = NO;
				SWIFT_VERSION = 5.0;
				TARGETED_DEVICE_FAMILY = "1,2";
				TEST_TARGET_NAME = AssessmentApp;
			};
			name = Debug;
		};
		8EB5CCEA27988A0900396097 /* Release */ = {
			isa = XCBuildConfiguration;
			baseConfigurationReference = DE0FFCB4D9AFAA99862A1A11 /* Pods-AssessmentApp-AssessmentAppUITests.release.xcconfig */;
			buildSettings = {
				ALWAYS_EMBED_SWIFT_STANDARD_LIBRARIES = YES;
				CODE_SIGN_STYLE = Automatic;
				CURRENT_PROJECT_VERSION = 1;
				DEVELOPMENT_TEAM = AR6F6E85MV;
				GENERATE_INFOPLIST_FILE = YES;
				LD_RUNPATH_SEARCH_PATHS = (
					"$(inherited)",
					"@executable_path/Frameworks",
					"@loader_path/Frameworks",
				);
				MARKETING_VERSION = 1.0;
				PRODUCT_BUNDLE_IDENTIFIER = com.Abra.ios.AssessmentAppUITests;
				PRODUCT_NAME = "$(TARGET_NAME)";
				SWIFT_EMIT_LOC_STRINGS = NO;
				SWIFT_VERSION = 5.0;
				TARGETED_DEVICE_FAMILY = "1,2";
				TEST_TARGET_NAME = AssessmentApp;
			};
			name = Release;
		};
/* End XCBuildConfiguration section */

/* Begin XCConfigurationList section */
		8EB5CCB027988A0700396097 /* Build configuration list for PBXProject "AssessmentApp" */ = {
			isa = XCConfigurationList;
			buildConfigurations = (
				8EB5CCE027988A0900396097 /* Debug */,
				8EB5CCE127988A0900396097 /* Release */,
			);
			defaultConfigurationIsVisible = 0;
			defaultConfigurationName = Release;
		};
		8EB5CCE227988A0900396097 /* Build configuration list for PBXNativeTarget "AssessmentApp" */ = {
			isa = XCConfigurationList;
			buildConfigurations = (
				8EB5CCE327988A0900396097 /* Debug */,
				8EB5CCE427988A0900396097 /* Release */,
			);
			defaultConfigurationIsVisible = 0;
			defaultConfigurationName = Release;
		};
		8EB5CCE527988A0900396097 /* Build configuration list for PBXNativeTarget "AssessmentAppTests" */ = {
			isa = XCConfigurationList;
			buildConfigurations = (
				8EB5CCE627988A0900396097 /* Debug */,
				8EB5CCE727988A0900396097 /* Release */,
			);
			defaultConfigurationIsVisible = 0;
			defaultConfigurationName = Release;
		};
		8EB5CCE827988A0900396097 /* Build configuration list for PBXNativeTarget "AssessmentAppUITests" */ = {
			isa = XCConfigurationList;
			buildConfigurations = (
				8EB5CCE927988A0900396097 /* Debug */,
				8EB5CCEA27988A0900396097 /* Release */,
			);
			defaultConfigurationIsVisible = 0;
			defaultConfigurationName = Release;
		};
/* End XCConfigurationList section */

/* Begin XCVersionGroup section */
		8EB5CCC127988A0700396097 /* AssessmentApp.xcdatamodeld */ = {
			isa = XCVersionGroup;
			children = (
				8EB5CCC227988A0700396097 /* AssessmentApp.xcdatamodel */,
			);
			currentVersion = 8EB5CCC227988A0700396097 /* AssessmentApp.xcdatamodel */;
			path = AssessmentApp.xcdatamodeld;
			sourceTree = "<group>";
			versionGroupType = wrapper.xcdatamodel;
		};
/* End XCVersionGroup section */
	};
	rootObject = 8EB5CCAD27988A0700396097 /* Project object */;
}
